
Microsoft Visual Studio Solution File, Format Version 12.00
# Visual Studio Version 17
VisualStudioVersion = 17.3.32721.290
MinimumVisualStudioVersion = 10.0.40219.1
Project("{9A19103F-16F7-4668-BE54-9A1E7A4F7556}") = "WhWebShop.Service", "WhWebShop.Service\WhWebShop.Service.csproj", "{FF991CC2-8754-43C9-A5B8-F45F9F96878A}"
EndProject
Project("{9A19103F-16F7-4668-BE54-9A1E7A4F7556}") = "ERP4U.Log", "ERP4U.Log\ERP4U.Log.csproj", "{E603352D-609B-4D0C-85BA-5CA6DACA9109}"
EndProject
Project("{9A19103F-16F7-4668-BE54-9A1E7A4F7556}") = "WhWebShop.BusinessEntities", "WhWebShop.BusinessEntities\WhWebShop.BusinessEntities.csproj", "{7F6A1C0D-5E1F-432F-904A-311BB38A91D5}"
EndProject
Project("{9A19103F-16F7-4668-BE54-9A1E7A4F7556}") = "WhWebShop.BusinessLogic", "WhWebShop.BusinessLogic\WhWebShop.BusinessLogic.csproj", "{F9928B35-5194-4680-A885-CEC28E7F2D41}"
EndProject
Project("{9A19103F-16F7-4668-BE54-9A1E7A4F7556}") = "WhWebShop.DataAccess", "WhWebShop.DataAccess\WhWebShop.DataAccess.csproj", "{4243E1F6-F1EC-48E0-B066-853BF396B0D9}"
EndProject
Project("{2150E333-8FDC-42A3-9474-1A3956D46DE8}") = "Tests", "Tests", "{E4EC6EE3-7065-45BF-A802-C7F4AF2C3619}"
EndProject
Project("{9A19103F-16F7-4668-BE54-9A1E7A4F7556}") = "WhWebShop.Test", "WhWebShop.Test\WhWebShop.Test.csproj", "{DB0CEA1C-0B37-4F4A-9E83-A44AEB95F8C0}"
EndProject
Project("{2150E333-8FDC-42A3-9474-1A3956D46DE8}") = "Solution Items", "Solution Items", "{D0D69A9C-72BA-43A2-9AD1-97A2C7A53FD0}"
	ProjectSection(SolutionItems) = preProject
		.editorconfig = .editorconfig
	EndProjectSection
EndProject
Global
	GlobalSection(SolutionConfigurationPlatforms) = preSolution
		Debug|Any CPU = Debug|Any CPU
		Release|Any CPU = Release|Any CPU
	EndGlobalSection
	GlobalSection(ProjectConfigurationPlatforms) = postSolution
		{FF991CC2-8754-43C9-A5B8-F45F9F96878A}.Debug|Any CPU.ActiveCfg = Debug|Any CPU
		{FF991CC2-8754-43C9-A5B8-F45F9F96878A}.Debug|Any CPU.Build.0 = Debug|Any CPU
		{FF991CC2-8754-43C9-A5B8-F45F9F96878A}.Release|Any CPU.ActiveCfg = Release|Any CPU
		{FF991CC2-8754-43C9-A5B8-F45F9F96878A}.Release|Any CPU.Build.0 = Release|Any CPU
		{E603352D-609B-4D0C-85BA-5CA6DACA9109}.Debug|Any CPU.ActiveCfg = Debug|Any CPU
		{E603352D-609B-4D0C-85BA-5CA6DACA9109}.Debug|Any CPU.Build.0 = Debug|Any CPU
		{E603352D-609B-4D0C-85BA-5CA6DACA9109}.Release|Any CPU.ActiveCfg = Release|Any CPU
		{E603352D-609B-4D0C-85BA-5CA6DACA9109}.Release|Any CPU.Build.0 = Release|Any CPU
		{7F6A1C0D-5E1F-432F-904A-311BB38A91D5}.Debug|Any CPU.ActiveCfg = Debug|Any CPU
		{7F6A1C0D-5E1F-432F-904A-311BB38A91D5}.Debug|Any CPU.Build.0 = Debug|Any CPU
		{7F6A1C0D-5E1F-432F-904A-311BB38A91D5}.Release|Any CPU.ActiveCfg = Release|Any CPU
		{7F6A1C0D-5E1F-432F-904A-311BB38A91D5}.Release|Any CPU.Build.0 = Release|Any CPU
		{F9928B35-5194-4680-A885-CEC28E7F2D41}.Debug|Any CPU.ActiveCfg = Debug|Any CPU
		{F9928B35-5194-4680-A885-CEC28E7F2D41}.Debug|Any CPU.Build.0 = Debug|Any CPU
		{F9928B35-5194-4680-A885-CEC28E7F2D41}.Release|Any CPU.ActiveCfg = Release|Any CPU
		{F9928B35-5194-4680-A885-CEC28E7F2D41}.Release|Any CPU.Build.0 = Release|Any CPU
		{4243E1F6-F1EC-48E0-B066-853BF396B0D9}.Debug|Any CPU.ActiveCfg = Debug|Any CPU
		{4243E1F6-F1EC-48E0-B066-853BF396B0D9}.Debug|Any CPU.Build.0 = Debug|Any CPU
		{4243E1F6-F1EC-48E0-B066-853BF396B0D9}.Release|Any CPU.ActiveCfg = Release|Any CPU
		{4243E1F6-F1EC-48E0-B066-853BF396B0D9}.Release|Any CPU.Build.0 = Release|Any CPU
		{DB0CEA1C-0B37-4F4A-9E83-A44AEB95F8C0}.Debug|Any CPU.ActiveCfg = Debug|Any CPU
		{DB0CEA1C-0B37-4F4A-9E83-A44AEB95F8C0}.Debug|Any CPU.Build.0 = Debug|Any CPU
		{DB0CEA1C-0B37-4F4A-9E83-A44AEB95F8C0}.Release|Any CPU.ActiveCfg = Release|Any CPU
		{DB0CEA1C-0B37-4F4A-9E83-A44AEB95F8C0}.Release|Any CPU.Build.0 = Release|Any CPU
	EndGlobalSection
	GlobalSection(SolutionProperties) = preSolution
		HideSolutionNode = FALSE
	EndGlobalSection
	GlobalSection(NestedProjects) = preSolution
		{DB0CEA1C-0B37-4F4A-9E83-A44AEB95F8C0} = {E4EC6EE3-7065-45BF-A802-C7F4AF2C3619}
	EndGlobalSection
	GlobalSection(ExtensibilityGlobals) = postSolution
		SolutionGuid = {F000E309-C6A5-4149-A72E-D115ED9A3263}
	EndGlobalSection
EndGlobal
