
Microsoft Visual Studio Solution File, Format Version 12.00
# Visual Studio Version 17
VisualStudioVersion = 17.1.31911.260
MinimumVisualStudioVersion = 10.0.40219.1
Project("{FAE04EC0-301F-11D3-BF4B-00C04F79EFBC}") = "Site", "SiteFull\Site.csproj", "{86E7877E-F11D-4A87-827C-61568279AD54}"
	ProjectSection(ProjectDependencies) = postProject
		{6142C576-2116-4709-8839-D661D4DAAE6A} = {6142C576-2116-4709-8839-D661D4DAAE6A}
	EndProjectSection
EndProject
Project("{FAE04EC0-301F-11D3-BF4B-00C04F79EFBC}") = "eLogHeavyTools", "src\eLogHeavyTools.csproj", "{6142C576-2116-4709-8839-D661D4DAAE6A}"
EndProject
Project("{2150E333-8FDC-42A3-9474-1A3956D46DE8}") = "Solution Items", "Solution Items", "{1C671C08-1C02-4A54-835E-933E601BAC06}"
	ProjectSection(SolutionItems) = preProject
		.editorconfig = .editorconfig
	EndProjectSection
EndProject
Global
	GlobalSection(SolutionConfigurationPlatforms) = preSolution
		Debug|Any CPU = Debug|Any CPU
		Debug|x86 = Debug|x86
		Release|Any CPU = Release|Any CPU
		Release|x86 = Release|x86
	EndGlobalSection
	GlobalSection(ProjectConfigurationPlatforms) = postSolution
		{86E7877E-F11D-4A87-827C-61568279AD54}.Debug|Any CPU.ActiveCfg = Debug|Any CPU
		{86E7877E-F11D-4A87-827C-61568279AD54}.Debug|Any CPU.Build.0 = Debug|Any CPU
		{86E7877E-F11D-4A87-827C-61568279AD54}.Debug|x86.ActiveCfg = Debug|x86
		{86E7877E-F11D-4A87-827C-61568279AD54}.Debug|x86.Build.0 = Debug|x86
		{86E7877E-F11D-4A87-827C-61568279AD54}.Release|Any CPU.ActiveCfg = Release|Any CPU
		{86E7877E-F11D-4A87-827C-61568279AD54}.Release|Any CPU.Build.0 = Release|Any CPU
		{86E7877E-F11D-4A87-827C-61568279AD54}.Release|x86.ActiveCfg = Release|x86
		{86E7877E-F11D-4A87-827C-61568279AD54}.Release|x86.Build.0 = Release|x86
		{6142C576-2116-4709-8839-D661D4DAAE6A}.Debug|Any CPU.ActiveCfg = Debug|Any CPU
		{6142C576-2116-4709-8839-D661D4DAAE6A}.Debug|Any CPU.Build.0 = Debug|Any CPU
		{6142C576-2116-4709-8839-D661D4DAAE6A}.Debug|x86.ActiveCfg = Debug|x86
		{6142C576-2116-4709-8839-D661D4DAAE6A}.Debug|x86.Build.0 = Debug|x86
		{6142C576-2116-4709-8839-D661D4DAAE6A}.Release|Any CPU.ActiveCfg = Release|Any CPU
		{6142C576-2116-4709-8839-D661D4DAAE6A}.Release|Any CPU.Build.0 = Release|Any CPU
		{6142C576-2116-4709-8839-D661D4DAAE6A}.Release|x86.ActiveCfg = Release|x86
		{6142C576-2116-4709-8839-D661D4DAAE6A}.Release|x86.Build.0 = Release|x86
	EndGlobalSection
	GlobalSection(SolutionProperties) = preSolution
		HideSolutionNode = FALSE
	EndGlobalSection
	GlobalSection(ExtensibilityGlobals) = postSolution
		SolutionGuid = {B5E39C46-E392-4183-927F-45FA45F0A85D}
	EndGlobalSection
EndGlobal
